{
  "name": "my-app",
  "version": "1.0.0",
  "lockfileVersion": 1,
  "requires": true,
  "dependencies": {
    "@polymer/app-layout": {
      "version": "3.0.0-pre.1",
      "resolved": "https://registry.npmjs.org/@polymer/app-layout/-/app-layout-3.0.0-pre.1.tgz",
      "integrity": "sha512-ENjISPOPzdbItFXxSAEKb2nyyW9YhEHWqIHIO9iUW14XTkfBVMW9TZBjIovRf+2wlk8DWBTjLoUvEX/FZU92Zg==",
      "requires": {
        "@polymer/iron-flex-layout": "3.0.0-pre.1",
        "@polymer/iron-media-query": "3.0.0-pre.1",
        "@polymer/iron-resizable-behavior": "3.0.0-pre.1",
        "@polymer/iron-scroll-target-behavior": "3.0.0-pre.1",
        "@polymer/polymer": "3.0.0-pre.1"
      }
    },
    "@polymer/app-route": {
      "version": "3.0.0-pre.1",
      "resolved": "https://registry.npmjs.org/@polymer/app-route/-/app-route-3.0.0-pre.1.tgz",
      "integrity": "sha512-blfadnJQpyjT7UlS79wYjs2EFCcBTzNMYi66Ab0eAG/Mn3C82Kp21ZFtu3tHNxyLLjBpy+GT7PudmW7aKJuWnQ==",
      "requires": {
        "@polymer/iron-location": "3.0.0-pre.1",
        "@polymer/polymer": "3.0.0-pre.1"
      }
    },
    "@polymer/font-roboto": {
      "version": "3.0.0-pre.1",
      "resolved": "https://registry.npmjs.org/@polymer/font-roboto/-/font-roboto-3.0.0-pre.1.tgz",
      "integrity": "sha512-jm9Vh6EgTfUX/Hv7YtHMNgQHXUIberpiiJX7h4SFbrpYCt45PSBJ5KtFz7s4T01dRYCf8wh4coRkWJGHvTH57g=="
    },
    "@polymer/iron-a11y-keys-behavior": {
      "version": "3.0.0-pre.1",
      "resolved": "https://registry.npmjs.org/@polymer/iron-a11y-keys-behavior/-/iron-a11y-keys-behavior-3.0.0-pre.1.tgz",
      "integrity": "sha512-2FFkk1zQrcQPtiTNMsYouXi6eGIgbF1F9ih2/M8lBtlyqB9CMr0JWci8/ibt06fm4pQFCvOV76OggvJhVVLYpg==",
      "requires": {
        "@polymer/polymer": "3.0.0-pre.1"
      }
    },
    "@polymer/iron-behaviors": {
      "version": "3.0.0-pre.1",
      "resolved": "https://registry.npmjs.org/@polymer/iron-behaviors/-/iron-behaviors-3.0.0-pre.1.tgz",
      "integrity": "sha512-rBdPz7056ML+Bfm1QkLATBoT2D9ESqT5pN5Q8KZVJLtvq16NEW2MJuujz/pb4yUAXMCX6HkEh8AAUu93t05iiQ==",
      "requires": {
        "@polymer/iron-a11y-keys-behavior": "3.0.0-pre.1",
        "@polymer/polymer": "3.0.0-pre.1"
      }
    },
    "@polymer/iron-checked-element-behavior": {
      "version": "3.0.0-pre.1",
      "resolved": "https://registry.npmjs.org/@polymer/iron-checked-element-behavior/-/iron-checked-element-behavior-3.0.0-pre.1.tgz",
      "integrity": "sha512-LSOmqiWEiwq+wQSy8DemTIH5vi++7/Kb/m/p4idHWZbyaZzXWlYJch/1PpDZUg+bW9nhAAXG5xnCRw/xcdf/Lw==",
      "requires": {
        "@polymer/iron-form-element-behavior": "3.0.0-pre.1",
        "@polymer/iron-validatable-behavior": "3.0.0-pre.1",
        "@polymer/polymer": "3.0.0-pre.1"
      }
    },
    "@polymer/iron-flex-layout": {
      "version": "3.0.0-pre.1",
      "resolved": "https://registry.npmjs.org/@polymer/iron-flex-layout/-/iron-flex-layout-3.0.0-pre.1.tgz",
      "integrity": "sha512-EXkfULT1I2nNOA1fT8JXG+wFnl9OMcX0dqPawbQcE3B8FlsSc/2c9bdKppK6AZEi5wD20zZhBc5BtjzM1LXXrw==",
      "requires": {
        "@polymer/polymer": "3.0.0-pre.1"
      }
    },
    "@polymer/iron-form-element-behavior": {
      "version": "3.0.0-pre.1",
      "resolved": "https://registry.npmjs.org/@polymer/iron-form-element-behavior/-/iron-form-element-behavior-3.0.0-pre.1.tgz",
      "integrity": "sha512-UMD+siEtwI/5EdQPqEopuBfZftKPH2ILJP8RfsNKT0KCGqX9pO1Tsu+4bo+jD9nTMbePuDFPHiW2iK15hXMO8g==",
      "requires": {
        "@polymer/polymer": "3.0.0-pre.1"
      }
    },
    "@polymer/iron-icon": {
      "version": "3.0.0-pre.1",
      "resolved": "https://registry.npmjs.org/@polymer/iron-icon/-/iron-icon-3.0.0-pre.1.tgz",
      "integrity": "sha512-WXAZ3VRZO06FLwPyNOwrXPWrUKhi+HXrwCt6NPnwEX1xEmSOvDQg45ftNkutPmk+otalj/Ua0OIit4CiT62j7g==",
      "requires": {
        "@polymer/iron-flex-layout": "3.0.0-pre.1",
        "@polymer/iron-meta": "3.0.0-pre.1",
        "@polymer/polymer": "3.0.0-pre.1"
      }
    },
    "@polymer/iron-icons": {
      "version": "3.0.0-pre.1",
      "resolved": "https://registry.npmjs.org/@polymer/iron-icons/-/iron-icons-3.0.0-pre.1.tgz",
      "integrity": "sha512-A/twZBl02s46wOp3DsZLpcZtNYq9eIoeNGO3UVWRPiJkc8nwYG1PYx8uGlXlPBGF2U7+rmNSOKlUmVVcnc+dAg==",
      "requires": {
        "@polymer/iron-icon": "3.0.0-pre.1",
        "@polymer/iron-iconset-svg": "3.0.0-pre.1",
        "@polymer/polymer": "3.0.0-pre.1"
      }
    },
    "@polymer/iron-iconset-svg": {
      "version": "3.0.0-pre.1",
      "resolved": "https://registry.npmjs.org/@polymer/iron-iconset-svg/-/iron-iconset-svg-3.0.0-pre.1.tgz",
      "integrity": "sha512-dUbpAzbIqD2XQYfBvoCxTIRxLBPnlWzPig/im4sozKQNy3IXccq9Y+U1N3YhwdsuUcvwj7tC7q6QoE83OdhXGw==",
      "requires": {
        "@polymer/iron-meta": "3.0.0-pre.1",
        "@polymer/polymer": "3.0.0-pre.1"
      }
    },
    "@polymer/iron-image": {
      "version": "3.0.0-pre.1",
      "resolved": "https://registry.npmjs.org/@polymer/iron-image/-/iron-image-3.0.0-pre.1.tgz",
      "integrity": "sha512-7MqV7659A6aGxgBci46AFRrtHJcVHxMim9vak8JgfLsmMSNlnoyzhMaTerURqBUSJbsb8jLwN3f7ogveD8qjmA==",
      "requires": {
        "@polymer/polymer": "3.0.0-pre.1"
      }
    },
    "@polymer/iron-location": {
      "version": "3.0.0-pre.1",
      "resolved": "https://registry.npmjs.org/@polymer/iron-location/-/iron-location-3.0.0-pre.1.tgz",
      "integrity": "sha512-+81iu+eNlytCWQIos6Qm9XZfsI7l5Bv09Wh9vrxPgzSupHFcW6QrtDXOthLp5M7Uko1M/0HO/e9sx4OQYXhhAw==",
      "requires": {
        "@polymer/polymer": "3.0.0-pre.1"
      }
    },
    "@polymer/iron-media-query": {
      "version": "3.0.0-pre.1",
      "resolved": "https://registry.npmjs.org/@polymer/iron-media-query/-/iron-media-query-3.0.0-pre.1.tgz",
      "integrity": "sha512-w8fL/SBYSpq7REwWstCRJbaW4JjpGpu6KHfqxQbNedmA+iQmMWcCiudh24c6v+uhG6kiGis1rnfy3pTmzg+G5g==",
      "requires": {
        "@polymer/polymer": "3.0.0-pre.1"
      }
    },
    "@polymer/iron-menu-behavior": {
      "version": "3.0.0-pre.1",
      "resolved": "https://registry.npmjs.org/@polymer/iron-menu-behavior/-/iron-menu-behavior-3.0.0-pre.1.tgz",
      "integrity": "sha512-n99rz8xmaei0pugHMakum9UQ+y0X4u2Dh9Ib1rCSCub0bKEYNmn9gDvF+mIRK8NmxkLrEeb1wqNAXeg7YaIuJA==",
      "requires": {
        "@polymer/iron-a11y-keys-behavior": "3.0.0-pre.1",
        "@polymer/iron-flex-layout": "3.0.0-pre.1",
        "@polymer/iron-selector": "3.0.0-pre.1",
        "@polymer/polymer": "3.0.0-pre.1"
      }
    },
    "@polymer/iron-meta": {
      "version": "3.0.0-pre.1",
      "resolved": "https://registry.npmjs.org/@polymer/iron-meta/-/iron-meta-3.0.0-pre.1.tgz",
      "integrity": "sha512-HSkLnzq19SnC75CilRqI1enK4jpWUOqv27wzUWRrFGyC5T/KraUGAOrPK2VkSxpM5z3wuVFgMG+7q0NkCyWtqw==",
      "requires": {
        "@polymer/polymer": "3.0.0-pre.1"
      }
    },
    "@polymer/iron-pages": {
      "version": "3.0.0-pre.1",
      "resolved": "https://registry.npmjs.org/@polymer/iron-pages/-/iron-pages-3.0.0-pre.1.tgz",
      "integrity": "sha512-9iZyUhMk9j7I0QyptlXRmdbSoB/aNQD6WoM00RhTTAP8zAHUkvPfGF10vQS5tVMqINZ3k4f+SJ8LTypq6mDqGQ==",
      "requires": {
        "@polymer/iron-resizable-behavior": "3.0.0-pre.1",
        "@polymer/iron-selector": "3.0.0-pre.1",
        "@polymer/polymer": "3.0.0-pre.1"
      }
    },
    "@polymer/iron-range-behavior": {
      "version": "3.0.0-pre.1",
      "resolved": "https://registry.npmjs.org/@polymer/iron-range-behavior/-/iron-range-behavior-3.0.0-pre.1.tgz",
      "integrity": "sha512-XS0ulK/nQUVN/K56bgeGT95jVHFs6v/FJoRMM3UBzaXksX1NiMm3FuZoyHWsYscyYgdZ2wgdqqfQaxOkZXaWDA==",
      "requires": {
        "@polymer/polymer": "3.0.0-pre.1"
      }
    },
    "@polymer/iron-resizable-behavior": {
      "version": "3.0.0-pre.1",
      "resolved": "https://registry.npmjs.org/@polymer/iron-resizable-behavior/-/iron-resizable-behavior-3.0.0-pre.1.tgz",
      "integrity": "sha512-vgZrYEulXAbJA2qoaxwb2PvwIYUDbrzLSb/plntfXCNdvvWF5EFfofYaGq+Ggzz3hvqI+I5rUWkuwADgNM5PSA==",
      "requires": {
        "@polymer/polymer": "3.0.0-pre.1"
      }
    },
    "@polymer/iron-scroll-target-behavior": {
      "version": "3.0.0-pre.1",
      "resolved": "https://registry.npmjs.org/@polymer/iron-scroll-target-behavior/-/iron-scroll-target-behavior-3.0.0-pre.1.tgz",
      "integrity": "sha512-EtCXzfjfMrZcuCL3il72HEhCMIaBqnIj0EPNbFVxYYN84DWitx1tk5Ua1ED4cqNU85Ysz34B9DQ9tritxDUmoA==",
      "requires": {
        "@polymer/polymer": "3.0.0-pre.1"
      }
    },
    "@polymer/iron-selector": {
      "version": "3.0.0-pre.1",
      "resolved": "https://registry.npmjs.org/@polymer/iron-selector/-/iron-selector-3.0.0-pre.1.tgz",
      "integrity": "sha512-7aIf3NstzXCQuNbmWS3G3j2UofXfbCZtGva3tevv++2evpts27s9BFo31CMjSeWuTgguGmPI8WrMG6AZYXfTtA==",
      "requires": {
        "@polymer/polymer": "3.0.0-pre.1"
      }
    },
    "@polymer/iron-validatable-behavior": {
      "version": "3.0.0-pre.1",
      "resolved": "https://registry.npmjs.org/@polymer/iron-validatable-behavior/-/iron-validatable-behavior-3.0.0-pre.1.tgz",
      "integrity": "sha512-zk2z7kEXf8Y8DnGOCEBKmbvWQ7t7ns/wgj9zT+q53vuaa/76rZHM9l5xyOnGIxmNvccs1Y7qxg3yELvLP0N18w==",
      "requires": {
        "@polymer/iron-meta": "3.0.0-pre.1",
        "@polymer/polymer": "3.0.0-pre.1"
      }
    },
    "@polymer/paper-badge": {
      "version": "3.0.0-pre.1",
      "resolved": "https://registry.npmjs.org/@polymer/paper-badge/-/paper-badge-3.0.0-pre.1.tgz",
      "integrity": "sha512-j6xvj18nDaqJtApaYk/EYlaEvrJ93AMA9ecQMPU4fHBXCmH3uEJgAfuBXm11OPCa4Hf5BWkrtSpldU0ewez8ZQ==",
      "requires": {
        "@polymer/iron-flex-layout": "3.0.0-pre.1",
        "@polymer/iron-icon": "3.0.0-pre.1",
        "@polymer/iron-resizable-behavior": "3.0.0-pre.1",
        "@polymer/paper-styles": "3.0.0-pre.1",
        "@polymer/polymer": "3.0.0-pre.1"
      }
    },
    "@polymer/paper-behaviors": {
      "version": "3.0.0-pre.1",
      "resolved": "https://registry.npmjs.org/@polymer/paper-behaviors/-/paper-behaviors-3.0.0-pre.1.tgz",
      "integrity": "sha512-UKz+hz3uqY4vtP633djWoF+D0CwJSxJbTo+FtF48YyhU1N3lK/modDamyBzuoDGvZgihMpi/Or6WQ7aimYVugQ==",
      "requires": {
        "@polymer/iron-behaviors": "3.0.0-pre.1",
        "@polymer/iron-checked-element-behavior": "3.0.0-pre.1",
        "@polymer/paper-ripple": "3.0.0-pre.1",
        "@polymer/polymer": "3.0.0-pre.1"
      }
    },
    "@polymer/paper-button": {
      "version": "3.0.0-pre.1",
      "resolved": "https://registry.npmjs.org/@polymer/paper-button/-/paper-button-3.0.0-pre.1.tgz",
      "integrity": "sha512-W/zKAsbqGg6h1Ob2dM9qH28K216Eea4nXenOf3RugBU8JkEK95w2ul25fRQP5Fq153B6BxNi9osoCXMmdehsJA==",
      "requires": {
        "@polymer/iron-flex-layout": "3.0.0-pre.1",
        "@polymer/paper-behaviors": "3.0.0-pre.1",
        "@polymer/paper-styles": "3.0.0-pre.1",
        "@polymer/polymer": "3.0.0-pre.1"
      }
    },
    "@polymer/paper-card": {
      "version": "3.0.0-pre.1",
      "resolved": "https://registry.npmjs.org/@polymer/paper-card/-/paper-card-3.0.0-pre.1.tgz",
      "integrity": "sha512-brMvYl8WxtcxWKNbdwsYDSjwf8mgQLrvpyAq7PfZZeBn0pguh8GtDzEvWJdDfuAZnVPqaYbGiO+XMSQVFiXSww==",
      "requires": {
        "@polymer/iron-flex-layout": "3.0.0-pre.1",
        "@polymer/iron-image": "3.0.0-pre.1",
        "@polymer/paper-styles": "3.0.0-pre.1",
        "@polymer/polymer": "3.0.0-pre.1"
      }
    },
    "@polymer/paper-checkbox": {
      "version": "3.0.0-pre.1",
      "resolved": "https://registry.npmjs.org/@polymer/paper-checkbox/-/paper-checkbox-3.0.0-pre.1.tgz",
      "integrity": "sha512-W3OG0BZcyUgwN5kTrTUqfr6q/eGfHPnybn9yQRPwtbGFYqX5c/6uxKm5SxWunSMXOUneT1FeB9ytTbMBHoqiRw==",
      "requires": {
        "@polymer/iron-a11y-keys-behavior": "3.0.0-pre.1",
        "@polymer/iron-checked-element-behavior": "3.0.0-pre.1",
        "@polymer/paper-behaviors": "3.0.0-pre.1",
        "@polymer/paper-ripple": "3.0.0-pre.1",
        "@polymer/paper-styles": "3.0.0-pre.1",
        "@polymer/polymer": "3.0.0-pre.1"
      }
    },
    "@polymer/paper-icon-button": {
      "version": "3.0.0-pre.1",
      "resolved": "https://registry.npmjs.org/@polymer/paper-icon-button/-/paper-icon-button-3.0.0-pre.1.tgz",
      "integrity": "sha512-SLCWkYEJXmfsXcznwA56ADHDPlFDvf0Qm10xwCF8qPjZHwHoKaktNj43QmkW13QvX9yvb+LOM1gIVFUg//LupQ==",
      "requires": {
        "@polymer/iron-icon": "3.0.0-pre.1",
        "@polymer/paper-behaviors": "3.0.0-pre.1",
        "@polymer/paper-styles": "3.0.0-pre.1",
        "@polymer/polymer": "3.0.0-pre.1"
      }
    },
    "@polymer/paper-item": {
      "version": "3.0.0-pre.1",
      "resolved": "https://registry.npmjs.org/@polymer/paper-item/-/paper-item-3.0.0-pre.1.tgz",
      "integrity": "sha512-yrM3vEfFWMx+EB7FOsNzalE24unEqzi8p/EycxOGltMWnbe0mT2jvhUlTGbAepK2C22yAMe9sXs0rQjtI5xKnw==",
      "requires": {
        "@polymer/iron-behaviors": "3.0.0-pre.1",
        "@polymer/iron-flex-layout": "3.0.0-pre.1",
        "@polymer/paper-styles": "3.0.0-pre.1",
        "@polymer/polymer": "3.0.0-pre.1"
      }
    },
    "@polymer/paper-listbox": {
      "version": "3.0.0-pre.1",
      "resolved": "https://registry.npmjs.org/@polymer/paper-listbox/-/paper-listbox-3.0.0-pre.1.tgz",
      "integrity": "sha512-KATBj6q8WGjFBifADhXNTVXapYDCh/m5Wd7gY4ie8TeJFkyPV5WLKsOxAZinkBUQr80GCL7N4XbPqeYFaB/QHw==",
      "requires": {
        "@polymer/iron-behaviors": "3.0.0-pre.1",
        "@polymer/iron-menu-behavior": "3.0.0-pre.1",
        "@polymer/paper-styles": "3.0.0-pre.1",
        "@polymer/polymer": "3.0.0-pre.1"
      }
    },
    "@polymer/paper-progress": {
      "version": "3.0.0-pre.1",
      "resolved": "https://registry.npmjs.org/@polymer/paper-progress/-/paper-progress-3.0.0-pre.1.tgz",
      "integrity": "sha512-7Ic1IoFcs+4kC4QteY3JGjxoqOtTabXFxFH8cl9si4b7xs91b9KnKhozTrPPtAk28AuMKg6JLZq0O7rD10Znkw==",
      "requires": {
        "@polymer/iron-flex-layout": "3.0.0-pre.1",
        "@polymer/iron-range-behavior": "3.0.0-pre.1",
        "@polymer/paper-styles": "3.0.0-pre.1",
        "@polymer/polymer": "3.0.0-pre.1"
      }
    },
    "@polymer/paper-ripple": {
      "version": "3.0.0-pre.1",
      "resolved": "https://registry.npmjs.org/@polymer/paper-ripple/-/paper-ripple-3.0.0-pre.1.tgz",
      "integrity": "sha512-K7d439UEDBpUJHV7iYsHueOMLK48Fq7sC42wwmt6oEgI5vKkbCtf76031yGems7fe++5LDim1cbCV8Fm3Iw1KQ==",
      "requires": {
        "@polymer/iron-a11y-keys-behavior": "3.0.0-pre.1",
        "@polymer/polymer": "3.0.0-pre.1"
      }
    },
    "@polymer/paper-spinner": {
      "version": "3.0.0-pre.1",
      "resolved": "https://registry.npmjs.org/@polymer/paper-spinner/-/paper-spinner-3.0.0-pre.1.tgz",
      "integrity": "sha512-8lgsN3Xdn+IIRvQgsFHa5JujEkoGMon6lw8qPrE2Boi8RWgaPTwaEPi5l8QE+nfdam5Z9nuwU1D/NmBowtxN1g==",
      "requires": {
        "@polymer/paper-styles": "3.0.0-pre.1",
        "@polymer/polymer": "3.0.0-pre.1"
      }
    },
    "@polymer/paper-styles": {
      "version": "3.0.0-pre.1",
      "resolved": "https://registry.npmjs.org/@polymer/paper-styles/-/paper-styles-3.0.0-pre.1.tgz",
      "integrity": "sha512-L/8B34oiDKNMz6vI/T8ZykMJAhJ6OghCOdS4avpeWKDmS1uuZwdEvVMZt7+8aSccpbfBYi8haYPrnhBNvf76cw==",
      "requires": {
        "@polymer/font-roboto": "3.0.0-pre.1",
        "@polymer/iron-flex-layout": "3.0.0-pre.1",
        "@polymer/polymer": "3.0.0-pre.1"
      }
    },
    "@polymer/paper-tabs": {
      "version": "3.0.0-pre.1",
      "resolved": "https://registry.npmjs.org/@polymer/paper-tabs/-/paper-tabs-3.0.0-pre.1.tgz",
      "integrity": "sha512-c+ezEIDDEOrB9rxejkJvnajXd3aoSn2fM9g9i5G0Qe/kwlcqwUZZpbhxrIrtVjMBV1x7jCDxztdGgxQO9jiljA==",
      "requires": {
        "@polymer/iron-behaviors": "3.0.0-pre.1",
        "@polymer/iron-flex-layout": "3.0.0-pre.1",
        "@polymer/iron-icon": "3.0.0-pre.1",
        "@polymer/iron-iconset-svg": "3.0.0-pre.1",
        "@polymer/iron-menu-behavior": "3.0.0-pre.1",
        "@polymer/iron-resizable-behavior": "3.0.0-pre.1",
        "@polymer/paper-behaviors": "3.0.0-pre.1",
        "@polymer/paper-icon-button": "3.0.0-pre.1",
        "@polymer/paper-styles": "3.0.0-pre.1",
        "@polymer/polymer": "3.0.0-pre.1"
      }
    },
    "@polymer/paper-toolbar": {
      "version": "3.0.0-pre.1",
      "resolved": "https://registry.npmjs.org/@polymer/paper-toolbar/-/paper-toolbar-3.0.0-pre.1.tgz",
      "integrity": "sha512-2usFXvik34MUUszFP27fGFM5xQGZ7h4UKsnBZQReQ0szOggBEW3yu5NnvglZkfaFuUc+89HWnkFxw6r3CApcdQ==",
      "requires": {
        "@polymer/iron-flex-layout": "3.0.0-pre.1",
        "@polymer/paper-styles": "3.0.0-pre.1",
        "@polymer/polymer": "3.0.0-pre.1"
      }
    },
    "@polymer/polymer": {
      "version": "3.0.0-pre.1",
      "resolved": "https://registry.npmjs.org/@polymer/polymer/-/polymer-3.0.0-pre.1.tgz",
      "integrity": "sha512-yfVY9yl3hmnbU+RtcOobmmiPCkqIqpjMdo3+KoJ6gpFTUFFClKBqSAe7qussIGoyEUNdacXHF6OUj0Y2bTIDew==",
      "requires": {
        "@webcomponents/shadycss": "1.0.5",
        "@webcomponents/webcomponentsjs": "1.0.9"
      }
    },
    "@webcomponents/shadycss": {
      "version": "1.0.5",
      "resolved": "https://registry.npmjs.org/@webcomponents/shadycss/-/shadycss-1.0.5.tgz",
      "integrity": "sha512-HJODFIrzQN1FiTzdGNiuQIU5qU8StdUNmNca2QWm+NVqbkXUvjpkrB7Y/PgN64/zVawfGNIA9twklgX0ifY0JA=="
    },
    "@webcomponents/webcomponentsjs": {
      "version": "1.0.9",
      "resolved": "https://registry.npmjs.org/@webcomponents/webcomponentsjs/-/webcomponentsjs-1.0.9.tgz",
      "integrity": "sha512-goY+4a+Sdyiv5dP7jcW9t2Zp/4S4Qr0X+2JDG+B8ipMVIIQGs0uxnIMctjGPbcQ321V8NGkHDYMtDTU3DXQAgA=="
    }
  }
}
